
Microsoft Visual Studio Solution File, Format Version 12.00
# Visual Studio Version 16
VisualStudioVersion = 16.0.29905.134
MinimumVisualStudioVersion = 10.0.40219.1
Project("{FAE04EC0-301F-11D3-BF4B-00C04F79EFBC}") = "DriverApp", "DriverApp\DriverApp.csproj", "{6BC805DD-410A-4A43-A76D-6BC483968641}"
EndProject
Global
	GlobalSection(SolutionConfigurationPlatforms) = preSolution
		Debug|Any CPU = Debug|Any CPU
		Release|Any CPU = Release|Any CPU
	EndGlobalSection
	GlobalSection(ProjectConfigurationPlatforms) = postSolution
		{6BC805DD-410A-4A43-A76D-6BC483968641}.Debug|Any CPU.ActiveCfg = Debug|Any CPU
		{6BC805DD-410A-4A43-A76D-6BC483968641}.Debug|Any CPU.Build.0 = Debug|Any CPU
		{6BC805DD-410A-4A43-A76D-6BC483968641}.Release|Any CPU.ActiveCfg = Release|Any CPU
		{6BC805DD-410A-4A43-A76D-6BC483968641}.Release|Any CPU.Build.0 = Release|Any CPU
	EndGlobalSection
	GlobalSection(SolutionProperties) = preSolution
		HideSolutionNode = FALSE
	EndGlobalSection
	GlobalSection(ExtensibilityGlobals) = postSolution
		SolutionGuid = {C956D64F-B452-4E5C-8C43-B53F3EFA2B08}
	EndGlobalSection
EndGlobal
